
Microsoft Visual Studio Solution File, Format Version 12.00
# Visual Studio 15
VisualStudioVersion = 15.0.27130.2010
MinimumVisualStudioVersion = 10.0.40219.1
Project("{9A19103F-16F7-4668-BE54-9A1E7A4F7556}") = "AlexaSkillsKit.Sample.Dialog.AzureFunc", "AlexaSkillsKit.Sample.Dialog.AzureFunc\AlexaSkillsKit.Sample.Dialog.AzureFunc.csproj", "{0EB194AA-C3AB-49D3-875E-31BB20B752D6}"
EndProject
Project("{FAE04EC0-301F-11D3-BF4B-00C04F79EFBC}") = "AlexaSkillsKit.Sample.Dialog.AzureFunc.FunctionalTests", "AlexaSkillsKit.Sample.Dialog.AzureFunc.FunctionalTests\AlexaSkillsKit.Sample.Dialog.AzureFunc.FunctionalTests.csproj", "{140635E4-7705-4A2B-A8AD-F2920E0D2677}"
EndProject
Global
	GlobalSection(SolutionConfigurationPlatforms) = preSolution
		Debug|Any CPU = Debug|Any CPU
		Release|Any CPU = Release|Any CPU
	EndGlobalSection
	GlobalSection(ProjectConfigurationPlatforms) = postSolution
		{0EB194AA-C3AB-49D3-875E-31BB20B752D6}.Debug|Any CPU.ActiveCfg = Debug|Any CPU
		{0EB194AA-C3AB-49D3-875E-31BB20B752D6}.Debug|Any CPU.Build.0 = Debug|Any CPU
		{0EB194AA-C3AB-49D3-875E-31BB20B752D6}.Release|Any CPU.ActiveCfg = Release|Any CPU
		{0EB194AA-C3AB-49D3-875E-31BB20B752D6}.Release|Any CPU.Build.0 = Release|Any CPU
		{140635E4-7705-4A2B-A8AD-F2920E0D2677}.Debug|Any CPU.ActiveCfg = Debug|Any CPU
		{140635E4-7705-4A2B-A8AD-F2920E0D2677}.Debug|Any CPU.Build.0 = Debug|Any CPU
		{140635E4-7705-4A2B-A8AD-F2920E0D2677}.Release|Any CPU.ActiveCfg = Release|Any CPU
		{140635E4-7705-4A2B-A8AD-F2920E0D2677}.Release|Any CPU.Build.0 = Release|Any CPU
	EndGlobalSection
	GlobalSection(SolutionProperties) = preSolution
		HideSolutionNode = FALSE
	EndGlobalSection
	GlobalSection(ExtensibilityGlobals) = postSolution
		SolutionGuid = {814E1658-C299-4289-9B15-4FE67EE3330B}
	EndGlobalSection
EndGlobal
